
Microsoft Visual Studio Solution File, Format Version 12.00
# Visual Studio Version 16
VisualStudioVersion = 16.0.30717.126
MinimumVisualStudioVersion = 10.0.40219.1
Project("{FAE04EC0-301F-11D3-BF4B-00C04F79EFBC}") = "RadioTubes.CMD", "RadioTubes.CMD\RadioTubes.CMD.csproj", "{C56353EA-D6F9-4730-AC04-1EBA0D3B1745}"
EndProject
Project("{FAE04EC0-301F-11D3-BF4B-00C04F79EFBC}") = "RadioTubes.MBL", "RadioTubes.MBL\RadioTubes.MBL.csproj", "{B767149F-7830-419C-86BD-462586078363}"
EndProject
Project("{FAE04EC0-301F-11D3-BF4B-00C04F79EFBC}") = "RadioTubes.MBLTests", "RadioTubes.MBLTests2\RadioTubes.MBLTests.csproj", "{8B819B25-0169-4831-BB50-DF83A9C33C0D}"
EndProject
Global
	GlobalSection(SolutionConfigurationPlatforms) = preSolution
		Debug|Any CPU = Debug|Any CPU
		Release|Any CPU = Release|Any CPU
	EndGlobalSection
	GlobalSection(ProjectConfigurationPlatforms) = postSolution
		{C56353EA-D6F9-4730-AC04-1EBA0D3B1745}.Debug|Any CPU.ActiveCfg = Debug|Any CPU
		{C56353EA-D6F9-4730-AC04-1EBA0D3B1745}.Debug|Any CPU.Build.0 = Debug|Any CPU
		{C56353EA-D6F9-4730-AC04-1EBA0D3B1745}.Release|Any CPU.ActiveCfg = Release|Any CPU
		{C56353EA-D6F9-4730-AC04-1EBA0D3B1745}.Release|Any CPU.Build.0 = Release|Any CPU
		{B767149F-7830-419C-86BD-462586078363}.Debug|Any CPU.ActiveCfg = Debug|Any CPU
		{B767149F-7830-419C-86BD-462586078363}.Debug|Any CPU.Build.0 = Debug|Any CPU
		{B767149F-7830-419C-86BD-462586078363}.Release|Any CPU.ActiveCfg = Release|Any CPU
		{B767149F-7830-419C-86BD-462586078363}.Release|Any CPU.Build.0 = Release|Any CPU
		{8B819B25-0169-4831-BB50-DF83A9C33C0D}.Debug|Any CPU.ActiveCfg = Debug|Any CPU
		{8B819B25-0169-4831-BB50-DF83A9C33C0D}.Debug|Any CPU.Build.0 = Debug|Any CPU
		{8B819B25-0169-4831-BB50-DF83A9C33C0D}.Release|Any CPU.ActiveCfg = Release|Any CPU
		{8B819B25-0169-4831-BB50-DF83A9C33C0D}.Release|Any CPU.Build.0 = Release|Any CPU
	EndGlobalSection
	GlobalSection(SolutionProperties) = preSolution
		HideSolutionNode = FALSE
	EndGlobalSection
	GlobalSection(ExtensibilityGlobals) = postSolution
		SolutionGuid = {E83CB828-622F-4B4C-B7D2-A1F1E1B21397}
	EndGlobalSection
EndGlobal
